
Microsoft Visual Studio Solution File, Format Version 12.00
# Visual Studio 15
VisualStudioVersion = 15.0.28307.572
MinimumVisualStudioVersion = 10.0.40219.1
Project("{FAE04EC0-301F-11D3-BF4B-00C04F79EFBC}") = "Boyner.Configurator", "Boyner.Configurator\Boyner.Configurator.csproj", "{61640757-A2B1-4015-B246-030C4BC75E7B}"
EndProject
Global
	GlobalSection(SolutionConfigurationPlatforms) = preSolution
		Debug|Any CPU = Debug|Any CPU
		Release|Any CPU = Release|Any CPU
	EndGlobalSection
	GlobalSection(ProjectConfigurationPlatforms) = postSolution
		{61640757-A2B1-4015-B246-030C4BC75E7B}.Debug|Any CPU.ActiveCfg = Debug|Any CPU
		{61640757-A2B1-4015-B246-030C4BC75E7B}.Debug|Any CPU.Build.0 = Debug|Any CPU
		{61640757-A2B1-4015-B246-030C4BC75E7B}.Release|Any CPU.ActiveCfg = Release|Any CPU
		{61640757-A2B1-4015-B246-030C4BC75E7B}.Release|Any CPU.Build.0 = Release|Any CPU
	EndGlobalSection
	GlobalSection(SolutionProperties) = preSolution
		HideSolutionNode = FALSE
	EndGlobalSection
	GlobalSection(ExtensibilityGlobals) = postSolution
		SolutionGuid = {38432FD6-390F-4D5C-951D-B60DFE194BED}
	EndGlobalSection
EndGlobal
